// !$*UTF8*$!
{
	archiveVersion = 1;
	classes = {
	};
	objectVersion = 50;
	objects = {

/* Begin PBXBuildFile section */
		185A0FFA24DBE3A800DA80A9 /* AppDelegate.swift in Sources */ = {isa = PBXBuildFile; fileRef = 185A0FF924DBE3A800DA80A9 /* AppDelegate.swift */; };
		185A0FFC24DBE3A800DA80A9 /* SceneDelegate.swift in Sources */ = {isa = PBXBuildFile; fileRef = 185A0FFB24DBE3A800DA80A9 /* SceneDelegate.swift */; };
		185A0FFE24DBE3A800DA80A9 /* LoginViewController.swift in Sources */ = {isa = PBXBuildFile; fileRef = 185A0FFD24DBE3A800DA80A9 /* LoginViewController.swift */; };
		185A100124DBE3A800DA80A9 /* Main.storyboard in Resources */ = {isa = PBXBuildFile; fileRef = 185A0FFF24DBE3A800DA80A9 /* Main.storyboard */; };
		185A100324DBE3A900DA80A9 /* Assets.xcassets in Resources */ = {isa = PBXBuildFile; fileRef = 185A100224DBE3A900DA80A9 /* Assets.xcassets */; };
		185A100624DBE3A900DA80A9 /* LaunchScreen.storyboard in Resources */ = {isa = PBXBuildFile; fileRef = 185A100424DBE3A900DA80A9 /* LaunchScreen.storyboard */; };
		185A100F24DBE4D200DA80A9 /* NetworkClient.swift in Sources */ = {isa = PBXBuildFile; fileRef = 185A100E24DBE4D200DA80A9 /* NetworkClient.swift */; };
		185A101124DBE4D800DA80A9 /* ErrorUtils.swift in Sources */ = {isa = PBXBuildFile; fileRef = 185A101024DBE4D800DA80A9 /* ErrorUtils.swift */; };
/* End PBXBuildFile section */

/* Begin PBXFileReference section */
		185A0FF624DBE3A800DA80A9 /* AB3AD.app */ = {isa = PBXFileReference; explicitFileType = wrapper.application; includeInIndex = 0; path = AB3AD.app; sourceTree = BUILT_PRODUCTS_DIR; };
		185A0FF924DBE3A800DA80A9 /* AppDelegate.swift */ = {isa = PBXFileReference; lastKnownFileType = sourcecode.swift; path = AppDelegate.swift; sourceTree = "<group>"; };
		185A0FFB24DBE3A800DA80A9 /* SceneDelegate.swift */ = {isa = PBXFileReference; lastKnownFileType = sourcecode.swift; path = SceneDelegate.swift; sourceTree = "<group>"; };
		185A0FFD24DBE3A800DA80A9 /* LoginViewController.swift */ = {isa = PBXFileReference; lastKnownFileType = sourcecode.swift; path = LoginViewController.swift; sourceTree = "<group>"; };
		185A100024DBE3A800DA80A9 /* Base */ = {isa = PBXFileReference; lastKnownFileType = file.storyboard; name = Base; path = Base.lproj/Main.storyboard; sourceTree = "<group>"; };
		185A100224DBE3A900DA80A9 /* Assets.xcassets */ = {isa = PBXFileReference; lastKnownFileType = folder.assetcatalog; path = Assets.xcassets; sourceTree = "<group>"; };
		185A100524DBE3A900DA80A9 /* Base */ = {isa = PBXFileReference; lastKnownFileType = file.storyboard; name = Base; path = Base.lproj/LaunchScreen.storyboard; sourceTree = "<group>"; };
		185A100724DBE3A900DA80A9 /* Info.plist */ = {isa = PBXFileReference; lastKnownFileType = text.plist.xml; path = Info.plist; sourceTree = "<group>"; };
		185A100E24DBE4D200DA80A9 /* NetworkClient.swift */ = {isa = PBXFileReference; fileEncoding = 4; lastKnownFileType = sourcecode.swift; path = NetworkClient.swift; sourceTree = "<group>"; };
		185A101024DBE4D800DA80A9 /* ErrorUtils.swift */ = {isa = PBXFileReference; fileEncoding = 4; lastKnownFileType = sourcecode.swift; path = ErrorUtils.swift; sourceTree = "<group>"; };
/* End PBXFileReference section */

/* Begin PBXFrameworksBuildPhase section */
		185A0FF324DBE3A800DA80A9 /* Frameworks */ = {
			isa = PBXFrameworksBuildPhase;
			buildActionMask = 2147483647;
			files = (
			);
			runOnlyForDeploymentPostprocessing = 0;
		};
/* End PBXFrameworksBuildPhase section */

/* Begin PBXGroup section */
		185A0FED24DBE3A800DA80A9 = {
			isa = PBXGroup;
			children = (
				185A0FF824DBE3A800DA80A9 /* AB3AD */,
				185A0FF724DBE3A800DA80A9 /* Products */,
			);
			sourceTree = "<group>";
		};
		185A0FF724DBE3A800DA80A9 /* Products */ = {
			isa = PBXGroup;
			children = (
				185A0FF624DBE3A800DA80A9 /* AB3AD.app */,
			);
			name = Products;
			sourceTree = "<group>";
		};
		185A0FF824DBE3A800DA80A9 /* AB3AD */ = {
			isa = PBXGroup;
			children = (
				185A100D24DBE4B400DA80A9 /* Network Client */,
				185A0FF924DBE3A800DA80A9 /* AppDelegate.swift */,
				185A0FFB24DBE3A800DA80A9 /* SceneDelegate.swift */,
				185A0FFD24DBE3A800DA80A9 /* LoginViewController.swift */,
				185A0FFF24DBE3A800DA80A9 /* Main.storyboard */,
				185A100224DBE3A900DA80A9 /* Assets.xcassets */,
				185A100424DBE3A900DA80A9 /* LaunchScreen.storyboard */,
				185A100724DBE3A900DA80A9 /* Info.plist */,
			);
			path = AB3AD;
			sourceTree = "<group>";
		};
		185A100D24DBE4B400DA80A9 /* Network Client */ = {
			isa = PBXGroup;
			children = (
				185A101024DBE4D800DA80A9 /* ErrorUtils.swift */,
				185A100E24DBE4D200DA80A9 /* NetworkClient.swift */,
			);
			path = "Network Client";
			sourceTree = "<group>";
		};
/* End PBXGroup section */

/* Begin PBXNativeTarget section */
		185A0FF524DBE3A800DA80A9 /* AB3AD */ = {
			isa = PBXNativeTarget;
			buildConfigurationList = 185A100A24DBE3A900DA80A9 /* Build configuration list for PBXNativeTarget "AB3AD" */;
			buildPhases = (
				185A0FF224DBE3A800DA80A9 /* Sources */,
				185A0FF324DBE3A800DA80A9 /* Frameworks */,
				185A0FF424DBE3A800DA80A9 /* Resources */,
			);
			buildRules = (
			);
			dependencies = (
			);
			name = AB3AD;
			productName = AB3AD;
			productReference = 185A0FF624DBE3A800DA80A9 /* AB3AD.app */;
			productType = "com.apple.product-type.application";
		};
/* End PBXNativeTarget section */

/* Begin PBXProject section */
		185A0FEE24DBE3A800DA80A9 /* Project object */ = {
			isa = PBXProject;
			attributes = {
				LastSwiftUpdateCheck = 1130;
				LastUpgradeCheck = 1130;
				ORGANIZATIONNAME = Apple;
				TargetAttributes = {
					185A0FF524DBE3A800DA80A9 = {
						CreatedOnToolsVersion = 11.3.1;
					};
				};
			};
			buildConfigurationList = 185A0FF124DBE3A800DA80A9 /* Build configuration list for PBXProject "AB3AD" */;
			compatibilityVersion = "Xcode 9.3";
			developmentRegion = en;
			hasScannedForEncodings = 0;
			knownRegions = (
				en,
				Base,
			);
			mainGroup = 185A0FED24DBE3A800DA80A9;
			productRefGroup = 185A0FF724DBE3A800DA80A9 /* Products */;
			projectDirPath = "";
			projectRoot = "";
			targets = (
				185A0FF524DBE3A800DA80A9 /* AB3AD */,
			);
		};
/* End PBXProject section */

/* Begin PBXResourcesBuildPhase section */
		185A0FF424DBE3A800DA80A9 /* Resources */ = {
			isa = PBXResourcesBuildPhase;
			buildActionMask = 2147483647;
			files = (
				185A100624DBE3A900DA80A9 /* LaunchScreen.storyboard in Resources */,
				185A100324DBE3A900DA80A9 /* Assets.xcassets in Resources */,
				185A100124DBE3A800DA80A9 /* Main.storyboard in Resources */,
			);
			runOnlyForDeploymentPostprocessing = 0;
		};
/* End PBXResourcesBuildPhase section */

/* Begin PBXSourcesBuildPhase section */
		185A0FF224DBE3A800DA80A9 /* Sources */ = {
			isa = PBXSourcesBuildPhase;
			buildActionMask = 2147483647;
			files = (
				185A0FFE24DBE3A800DA80A9 /* LoginViewController.swift in Sources */,
				185A0FFA24DBE3A800DA80A9 /* AppDelegate.swift in Sources */,
				185A101124DBE4D800DA80A9 /* ErrorUtils.swift in Sources */,
				185A0FFC24DBE3A800DA80A9 /* SceneDelegate.swift in Sources */,
				185A100F24DBE4D200DA80A9 /* NetworkClient.swift in Sources */,
			);
			runOnlyForDeploymentPostprocessing = 0;
		};
/* End PBXSourcesBuildPhase section */

/* Begin PBXVariantGroup section */
		185A0FFF24DBE3A800DA80A9 /* Main.storyboard */ = {
			isa = PBXVariantGroup;
			children = (
				185A100024DBE3A800DA80A9 /* Base */,
			);
			name = Main.storyboard;
			sourceTree = "<group>";
		};
		185A100424DBE3A900DA80A9 /* LaunchScreen.storyboard */ = {
			isa = PBXVariantGroup;
			children = (
				185A100524DBE3A900DA80A9 /* Base */,
			);
			name = LaunchScreen.storyboard;
			sourceTree = "<group>";
		};
/* End PBXVariantGroup section */

/* Begin XCBuildConfiguration section */
		185A100824DBE3A900DA80A9 /* Debug */ = {
			isa = XCBuildConfiguration;
			buildSettings = {
				ALWAYS_SEARCH_USER_PATHS = NO;
				CLANG_ANALYZER_NONNULL = YES;
				CLANG_ANALYZER_NUMBER_OBJECT_CONVERSION = YES_AGGRESSIVE;
				CLANG_CXX_LANGUAGE_STANDARD = "gnu++14";
				CLANG_CXX_LIBRARY = "libc++";
				CLANG_ENABLE_MODULES = YES;
				CLANG_ENABLE_OBJC_ARC = YES;
				CLANG_ENABLE_OBJC_WEAK = YES;
				CLANG_WARN_BLOCK_CAPTURE_AUTORELEASING = YES;
				CLANG_WARN_BOOL_CONVERSION = YES;
				CLANG_WARN_COMMA = YES;
				CLANG_WARN_CONSTANT_CONVERSION = YES;
				CLANG_WARN_DEPRECATED_OBJC_IMPLEMENTATIONS = YES;
				CLANG_WARN_DIRECT_OBJC_ISA_USAGE = YES_ERROR;
				CLANG_WARN_DOCUMENTATION_COMMENTS = YES;
				CLANG_WARN_EMPTY_BODY = YES;
				CLANG_WARN_ENUM_CONVERSION = YES;
				CLANG_WARN_INFINITE_RECURSION = YES;
				CLANG_WARN_INT_CONVERSION = YES;
				CLANG_WARN_NON_LITERAL_NULL_CONVERSION = YES;
				CLANG_WARN_OBJC_IMPLICIT_RETAIN_SELF = YES;
				CLANG_WARN_OBJC_LITERAL_CONVERSION = YES;
				CLANG_WARN_OBJC_ROOT_CLASS = YES_ERROR;
				CLANG_WARN_RANGE_LOOP_ANALYSIS = YES;
				CLANG_WARN_STRICT_PROTOTYPES = YES;
				CLANG_WARN_SUSPICIOUS_MOVE = YES;
				CLANG_WARN_UNGUARDED_AVAILABILITY = YES_AGGRESSIVE;
				CLANG_WARN_UNREACHABLE_CODE = YES;
				CLANG_WARN__DUPLICATE_METHOD_MATCH = YES;
				COPY_PHASE_STRIP = NO;
				DEBUG_INFORMATION_FORMAT = dwarf;
				ENABLE_STRICT_OBJC_MSGSEND = YES;
				ENABLE_TESTABILITY = YES;
				GCC_C_LANGUAGE_STANDARD = gnu11;
				GCC_DYNAMIC_NO_PIC = NO;
				GCC_NO_COMMON_BLOCKS = YES;
				GCC_OPTIMIZATION_LEVEL = 0;
				GCC_PREPROCESSOR_DEFINITIONS = (
					"DEBUG=1",
					"$(inherited)",
				);
				GCC_WARN_64_TO_32_BIT_CONVERSION = YES;
				GCC_WARN_ABOUT_RETURN_TYPE = YES_ERROR;
				GCC_WARN_UNDECLARED_SELECTOR = YES;
				GCC_WARN_UNINITIALIZED_AUTOS = YES_AGGRESSIVE;
				GCC_WARN_UNUSED_FUNCTION = YES;
				GCC_WARN_UNUSED_VARIABLE = YES;
				IPHONEOS_DEPLOYMENT_TARGET = 13.2;
				MTL_ENABLE_DEBUG_INFO = INCLUDE_SOURCE;
				MTL_FAST_MATH = YES;
				ONLY_ACTIVE_ARCH = YES;
				SDKROOT = iphoneos;
				SWIFT_ACTIVE_COMPILATION_CONDITIONS = DEBUG;
				SWIFT_OPTIMIZATION_LEVEL = "-Onone";
			};
			name = Debug;
		};
		185A100924DBE3A900DA80A9 /* Release */ = {
			isa = XCBuildConfiguration;
			buildSettings = {
				ALWAYS_SEARCH_USER_PATHS = NO;
				CLANG_ANALYZER_NONNULL = YES;
				CLANG_ANALYZER_NUMBER_OBJECT_CONVERSION = YES_AGGRESSIVE;
				CLANG_CXX_LANGUAGE_STANDARD = "gnu++14";
				CLANG_CXX_LIBRARY = "libc++";
				CLANG_ENABLE_MODULES = YES;
				CLANG_ENABLE_OBJC_ARC = YES;
				CLANG_ENABLE_OBJC_WEAK = YES;
				CLANG_WARN_BLOCK_CAPTURE_AUTORELEASING = YES;
				CLANG_WARN_BOOL_CONVERSION = YES;
				CLANG_WARN_COMMA = YES;
				CLANG_WARN_CONSTANT_CONVERSION = YES;
				CLANG_WARN_DEPRECATED_OBJC_IMPLEMENTATIONS = YES;
				CLANG_WARN_DIRECT_OBJC_ISA_USAGE = YES_ERROR;
				CLANG_WARN_DOCUMENTATION_COMMENTS = YES;
				CLANG_WARN_EMPTY_BODY = YES;
				CLANG_WARN_ENUM_CONVERSION = YES;
				CLANG_WARN_INFINITE_RECURSION = YES;
				CLANG_WARN_INT_CONVERSION = YES;
				CLANG_WARN_NON_LITERAL_NULL_CONVERSION = YES;
				CLANG_WARN_OBJC_IMPLICIT_RETAIN_SELF = YES;
				CLANG_WARN_OBJC_LITERAL_CONVERSION = YES;
				CLANG_WARN_OBJC_ROOT_CLASS = YES_ERROR;
				CLANG_WARN_RANGE_LOOP_ANALYSIS = YES;
				CLANG_WARN_STRICT_PROTOTYPES = YES;
				CLANG_WARN_SUSPICIOUS_MOVE = YES;
				CLANG_WARN_UNGUARDED_AVAILABILITY = YES_AGGRESSIVE;
				CLANG_WARN_UNREACHABLE_CODE = YES;
				CLANG_WARN__DUPLICATE_METHOD_MATCH = YES;
				COPY_PHASE_STRIP = NO;
				DEBUG_INFORMATION_FORMAT = "dwarf-with-dsym";
				ENABLE_NS_ASSERTIONS = NO;
				ENABLE_STRICT_OBJC_MSGSEND = YES;
				GCC_C_LANGUAGE_STANDARD = gnu11;
				GCC_NO_COMMON_BLOCKS = YES;
				GCC_WARN_64_TO_32_BIT_CONVERSION = YES;
				GCC_WARN_ABOUT_RETURN_TYPE = YES_ERROR;
				GCC_WARN_UNDECLARED_SELECTOR = YES;
				GCC_WARN_UNINITIALIZED_AUTOS = YES_AGGRESSIVE;
				GCC_WARN_UNUSED_FUNCTION = YES;
				GCC_WARN_UNUSED_VARIABLE = YES;
				IPHONEOS_DEPLOYMENT_TARGET = 13.2;
				MTL_ENABLE_DEBUG_INFO = NO;
				MTL_FAST_MATH = YES;
				SDKROOT = iphoneos;
				SWIFT_COMPILATION_MODE = wholemodule;
				SWIFT_OPTIMIZATION_LEVEL = "-O";
				VALIDATE_PRODUCT = YES;
			};
			name = Release;
		};
		185A100B24DBE3A900DA80A9 /* Debug */ = {
			isa = XCBuildConfiguration;
			buildSettings = {
				ASSETCATALOG_COMPILER_APPICON_NAME = AppIcon;
				CODE_SIGN_STYLE = Automatic;
				DEVELOPMENT_TEAM = 5TBQ56PUQB;
				INFOPLIST_FILE = AB3AD/Info.plist;
				LD_RUNPATH_SEARCH_PATHS = (
					"$(inherited)",
					"@executable_path/Frameworks",
				);
				PRODUCT_BUNDLE_IDENTIFIER = com.DS.AB3AD;
				PRODUCT_NAME = "$(TARGET_NAME)";
				SWIFT_VERSION = 5.0;
				TARGETED_DEVICE_FAMILY = "1,2";
			};
			name = Debug;
		};
		185A100C24DBE3A900DA80A9 /* Release */ = {
			isa = XCBuildConfiguration;
			buildSettings = {
				ASSETCATALOG_COMPILER_APPICON_NAME = AppIcon;
				CODE_SIGN_STYLE = Automatic;
				DEVELOPMENT_TEAM = 5TBQ56PUQB;
				INFOPLIST_FILE = AB3AD/Info.plist;
				LD_RUNPATH_SEARCH_PATHS = (
					"$(inherited)",
					"@executable_path/Frameworks",
				);
				PRODUCT_BUNDLE_IDENTIFIER = com.DS.AB3AD;
				PRODUCT_NAME = "$(TARGET_NAME)";
				SWIFT_VERSION = 5.0;
				TARGETED_DEVICE_FAMILY = "1,2";
			};
			name = Release;
		};
/* End XCBuildConfiguration section */

/* Begin XCConfigurationList section */
		185A0FF124DBE3A800DA80A9 /* Build configuration list for PBXProject "AB3AD" */ = {
			isa = XCConfigurationList;
			buildConfigurations = (
				185A100824DBE3A900DA80A9 /* Debug */,
				185A100924DBE3A900DA80A9 /* Release */,
			);
			defaultConfigurationIsVisible = 0;
			defaultConfigurationName = Release;
		};
		185A100A24DBE3A900DA80A9 /* Build configuration list for PBXNativeTarget "AB3AD" */ = {
			isa = XCConfigurationList;
			buildConfigurations = (
				185A100B24DBE3A900DA80A9 /* Debug */,
				185A100C24DBE3A900DA80A9 /* Release */,
			);
			defaultConfigurationIsVisible = 0;
			defaultConfigurationName = Release;
		};
/* End XCConfigurationList section */
	};
	rootObject = 185A0FEE24DBE3A800DA80A9 /* Project object */;
}
