// !$*UTF8*$!
{
	archiveVersion = 1;
	classes = {
	};
	objectVersion = 51;
	objects = {

/* Begin PBXBuildFile section */
		18110C6724DD5525004A6FEE /* HomeTabViewController.swift in Sources */ = {isa = PBXBuildFile; fileRef = 18110C6624DD5525004A6FEE /* HomeTabViewController.swift */; };
		18311CB324DD62FB005E5908 /* accountSettingViewController.swift in Sources */ = {isa = PBXBuildFile; fileRef = 18311CB224DD62FB005E5908 /* accountSettingViewController.swift */; };
		18311CB824DD6E5F005E5908 /* settingTableViewCell.swift in Sources */ = {isa = PBXBuildFile; fileRef = 18311CB624DD6E5F005E5908 /* settingTableViewCell.swift */; };
		18311CB924DD6E5F005E5908 /* settingTableViewCell.xib in Resources */ = {isa = PBXBuildFile; fileRef = 18311CB724DD6E5F005E5908 /* settingTableViewCell.xib */; };
		18413E8624DC27C800D6187A /* CommonUtils.swift in Sources */ = {isa = PBXBuildFile; fileRef = 18413E8524DC27C800D6187A /* CommonUtils.swift */; };
		18413E8924DC3B2400D6187A /* Home.storyboard in Resources */ = {isa = PBXBuildFile; fileRef = 18413E8824DC3B2400D6187A /* Home.storyboard */; };
		185A0FFA24DBE3A800DA80A9 /* AppDelegate.swift in Sources */ = {isa = PBXBuildFile; fileRef = 185A0FF924DBE3A800DA80A9 /* AppDelegate.swift */; };
		185A0FFC24DBE3A800DA80A9 /* SceneDelegate.swift in Sources */ = {isa = PBXBuildFile; fileRef = 185A0FFB24DBE3A800DA80A9 /* SceneDelegate.swift */; };
		185A0FFE24DBE3A800DA80A9 /* LoginViewController.swift in Sources */ = {isa = PBXBuildFile; fileRef = 185A0FFD24DBE3A800DA80A9 /* LoginViewController.swift */; };
		185A100124DBE3A800DA80A9 /* Main.storyboard in Resources */ = {isa = PBXBuildFile; fileRef = 185A0FFF24DBE3A800DA80A9 /* Main.storyboard */; };
		185A100324DBE3A900DA80A9 /* Assets.xcassets in Resources */ = {isa = PBXBuildFile; fileRef = 185A100224DBE3A900DA80A9 /* Assets.xcassets */; };
		185A100624DBE3A900DA80A9 /* LaunchScreen.storyboard in Resources */ = {isa = PBXBuildFile; fileRef = 185A100424DBE3A900DA80A9 /* LaunchScreen.storyboard */; };
		18CEEA2F24DBFB85009E241F /* LoginClient.swift in Sources */ = {isa = PBXBuildFile; fileRef = 18CEEA2E24DBFB85009E241F /* LoginClient.swift */; };
		18CEEA3124DC21F2009E241F /* RegisterationViewController.swift in Sources */ = {isa = PBXBuildFile; fileRef = 18CEEA3024DC21F2009E241F /* RegisterationViewController.swift */; };
		99ABB01BAE3D50BB1547B2F3 /* Pods_AB3AD.framework in Frameworks */ = {isa = PBXBuildFile; fileRef = E68609FA5FBC4B49DC809DD5 /* Pods_AB3AD.framework */; };
/* End PBXBuildFile section */

/* Begin PBXFileReference section */
		18110C6624DD5525004A6FEE /* HomeTabViewController.swift */ = {isa = PBXFileReference; lastKnownFileType = sourcecode.swift; path = HomeTabViewController.swift; sourceTree = "<group>"; };
		18311CB224DD62FB005E5908 /* accountSettingViewController.swift */ = {isa = PBXFileReference; lastKnownFileType = sourcecode.swift; path = accountSettingViewController.swift; sourceTree = "<group>"; };
		18311CB624DD6E5F005E5908 /* settingTableViewCell.swift */ = {isa = PBXFileReference; lastKnownFileType = sourcecode.swift; path = settingTableViewCell.swift; sourceTree = "<group>"; };
		18311CB724DD6E5F005E5908 /* settingTableViewCell.xib */ = {isa = PBXFileReference; lastKnownFileType = file.xib; path = settingTableViewCell.xib; sourceTree = "<group>"; };
		18413E8524DC27C800D6187A /* CommonUtils.swift */ = {isa = PBXFileReference; lastKnownFileType = sourcecode.swift; path = CommonUtils.swift; sourceTree = "<group>"; };
		18413E8824DC3B2400D6187A /* Home.storyboard */ = {isa = PBXFileReference; lastKnownFileType = file.storyboard; path = Home.storyboard; sourceTree = "<group>"; };
		185A0FF624DBE3A800DA80A9 /* AB3AD.app */ = {isa = PBXFileReference; explicitFileType = wrapper.application; includeInIndex = 0; path = AB3AD.app; sourceTree = BUILT_PRODUCTS_DIR; };
		185A0FF924DBE3A800DA80A9 /* AppDelegate.swift */ = {isa = PBXFileReference; lastKnownFileType = sourcecode.swift; path = AppDelegate.swift; sourceTree = "<group>"; };
		185A0FFB24DBE3A800DA80A9 /* SceneDelegate.swift */ = {isa = PBXFileReference; lastKnownFileType = sourcecode.swift; path = SceneDelegate.swift; sourceTree = "<group>"; };
		185A0FFD24DBE3A800DA80A9 /* LoginViewController.swift */ = {isa = PBXFileReference; lastKnownFileType = sourcecode.swift; path = LoginViewController.swift; sourceTree = "<group>"; };
		185A100024DBE3A800DA80A9 /* Base */ = {isa = PBXFileReference; lastKnownFileType = file.storyboard; name = Base; path = Base.lproj/Main.storyboard; sourceTree = "<group>"; };
		185A100224DBE3A900DA80A9 /* Assets.xcassets */ = {isa = PBXFileReference; lastKnownFileType = folder.assetcatalog; path = Assets.xcassets; sourceTree = "<group>"; };
		185A100524DBE3A900DA80A9 /* Base */ = {isa = PBXFileReference; lastKnownFileType = file.storyboard; name = Base; path = Base.lproj/LaunchScreen.storyboard; sourceTree = "<group>"; };
		185A100724DBE3A900DA80A9 /* Info.plist */ = {isa = PBXFileReference; lastKnownFileType = text.plist.xml; path = Info.plist; sourceTree = "<group>"; };
		18CEEA2E24DBFB85009E241F /* LoginClient.swift */ = {isa = PBXFileReference; lastKnownFileType = sourcecode.swift; path = LoginClient.swift; sourceTree = "<group>"; };
		18CEEA3024DC21F2009E241F /* RegisterationViewController.swift */ = {isa = PBXFileReference; lastKnownFileType = sourcecode.swift; path = RegisterationViewController.swift; sourceTree = "<group>"; };
		438449908D9DF58BEDEF9B7E /* Pods-AB3AD.debug.xcconfig */ = {isa = PBXFileReference; includeInIndex = 1; lastKnownFileType = text.xcconfig; name = "Pods-AB3AD.debug.xcconfig"; path = "Target Support Files/Pods-AB3AD/Pods-AB3AD.debug.xcconfig"; sourceTree = "<group>"; };
		448956894BB5B40042A096DC /* Pods-AB3AD.release.xcconfig */ = {isa = PBXFileReference; includeInIndex = 1; lastKnownFileType = text.xcconfig; name = "Pods-AB3AD.release.xcconfig"; path = "Target Support Files/Pods-AB3AD/Pods-AB3AD.release.xcconfig"; sourceTree = "<group>"; };
		E68609FA5FBC4B49DC809DD5 /* Pods_AB3AD.framework */ = {isa = PBXFileReference; explicitFileType = wrapper.framework; includeInIndex = 0; path = Pods_AB3AD.framework; sourceTree = BUILT_PRODUCTS_DIR; };
/* End PBXFileReference section */

/* Begin PBXFrameworksBuildPhase section */
		185A0FF324DBE3A800DA80A9 /* Frameworks */ = {
			isa = PBXFrameworksBuildPhase;
			buildActionMask = 2147483647;
			files = (
				99ABB01BAE3D50BB1547B2F3 /* Pods_AB3AD.framework in Frameworks */,
			);
			runOnlyForDeploymentPostprocessing = 0;
		};
/* End PBXFrameworksBuildPhase section */

/* Begin PBXGroup section */
		18311CB124DD62AE005E5908 /* Account */ = {
			isa = PBXGroup;
			children = (
				18311CB224DD62FB005E5908 /* accountSettingViewController.swift */,
				18311CB624DD6E5F005E5908 /* settingTableViewCell.swift */,
				18311CB724DD6E5F005E5908 /* settingTableViewCell.xib */,
			);
			path = Account;
			sourceTree = "<group>";
		};
		18413E8424DC279800D6187A /* Extension */ = {
			isa = PBXGroup;
			children = (
				18413E8524DC27C800D6187A /* CommonUtils.swift */,
			);
			path = Extension;
			sourceTree = "<group>";
		};
		18413E8724DC3B0900D6187A /* Home */ = {
			isa = PBXGroup;
			children = (
				18413E8824DC3B2400D6187A /* Home.storyboard */,
				18110C6624DD5525004A6FEE /* HomeTabViewController.swift */,
			);
			path = Home;
			sourceTree = "<group>";
		};
		185A0FED24DBE3A800DA80A9 = {
			isa = PBXGroup;
			children = (
				185A0FF824DBE3A800DA80A9 /* AB3AD */,
				185A0FF724DBE3A800DA80A9 /* Products */,
				2B7611ABC8F0C9EB9989EE03 /* Pods */,
				AD33F717BF05275680471249 /* Frameworks */,
			);
			sourceTree = "<group>";
		};
		185A0FF724DBE3A800DA80A9 /* Products */ = {
			isa = PBXGroup;
			children = (
				185A0FF624DBE3A800DA80A9 /* AB3AD.app */,
			);
			name = Products;
			sourceTree = "<group>";
		};
		185A0FF824DBE3A800DA80A9 /* AB3AD */ = {
			isa = PBXGroup;
			children = (
				18311CB124DD62AE005E5908 /* Account */,
				18413E8724DC3B0900D6187A /* Home */,
				18CEEA3224DC2CB0009E241F /* NetworkClient */,
				18413E8424DC279800D6187A /* Extension */,
				185A0FF924DBE3A800DA80A9 /* AppDelegate.swift */,
				185A0FFB24DBE3A800DA80A9 /* SceneDelegate.swift */,
				18CEEA2D24DBFB5D009E241F /* Prelogin */,
				185A0FFF24DBE3A800DA80A9 /* Main.storyboard */,
				185A100224DBE3A900DA80A9 /* Assets.xcassets */,
				185A100424DBE3A900DA80A9 /* LaunchScreen.storyboard */,
				185A100724DBE3A900DA80A9 /* Info.plist */,
			);
			path = AB3AD;
			sourceTree = "<group>";
		};
		18CEEA2D24DBFB5D009E241F /* Prelogin */ = {
			isa = PBXGroup;
			children = (
				185A0FFD24DBE3A800DA80A9 /* LoginViewController.swift */,
				18CEEA3024DC21F2009E241F /* RegisterationViewController.swift */,
			);
			path = Prelogin;
			sourceTree = "<group>";
		};
		18CEEA3224DC2CB0009E241F /* NetworkClient */ = {
			isa = PBXGroup;
			children = (
				18CEEA2E24DBFB85009E241F /* LoginClient.swift */,
			);
			path = NetworkClient;
			sourceTree = "<group>";
		};
		2B7611ABC8F0C9EB9989EE03 /* Pods */ = {
			isa = PBXGroup;
			children = (
				438449908D9DF58BEDEF9B7E /* Pods-AB3AD.debug.xcconfig */,
				448956894BB5B40042A096DC /* Pods-AB3AD.release.xcconfig */,
			);
			path = Pods;
			sourceTree = "<group>";
		};
		AD33F717BF05275680471249 /* Frameworks */ = {
			isa = PBXGroup;
			children = (
				E68609FA5FBC4B49DC809DD5 /* Pods_AB3AD.framework */,
			);
			name = Frameworks;
			sourceTree = "<group>";
		};
/* End PBXGroup section */

/* Begin PBXNativeTarget section */
		185A0FF524DBE3A800DA80A9 /* AB3AD */ = {
			isa = PBXNativeTarget;
			buildConfigurationList = 185A100A24DBE3A900DA80A9 /* Build configuration list for PBXNativeTarget "AB3AD" */;
			buildPhases = (
				40A9A416B2570E3EF74E302E /* [CP] Check Pods Manifest.lock */,
				185A0FF224DBE3A800DA80A9 /* Sources */,
				185A0FF324DBE3A800DA80A9 /* Frameworks */,
				185A0FF424DBE3A800DA80A9 /* Resources */,
				E6F67C4ECB2FAA39FFE0136B /* [CP] Embed Pods Frameworks */,
			);
			buildRules = (
			);
			dependencies = (
			);
			name = AB3AD;
			productName = AB3AD;
			productReference = 185A0FF624DBE3A800DA80A9 /* AB3AD.app */;
			productType = "com.apple.product-type.application";
		};
/* End PBXNativeTarget section */

/* Begin PBXProject section */
		185A0FEE24DBE3A800DA80A9 /* Project object */ = {
			isa = PBXProject;
			attributes = {
				LastSwiftUpdateCheck = 1130;
				LastUpgradeCheck = 1130;
				ORGANIZATIONNAME = Apple;
				TargetAttributes = {
					185A0FF524DBE3A800DA80A9 = {
						CreatedOnToolsVersion = 11.3.1;
					};
				};
			};
			buildConfigurationList = 185A0FF124DBE3A800DA80A9 /* Build configuration list for PBXProject "AB3AD" */;
			compatibilityVersion = "Xcode 9.3";
			developmentRegion = en;
			hasScannedForEncodings = 0;
			knownRegions = (
				en,
				Base,
			);
			mainGroup = 185A0FED24DBE3A800DA80A9;
			productRefGroup = 185A0FF724DBE3A800DA80A9 /* Products */;
			projectDirPath = "";
			projectRoot = "";
			targets = (
				185A0FF524DBE3A800DA80A9 /* AB3AD */,
			);
		};
/* End PBXProject section */

/* Begin PBXResourcesBuildPhase section */
		185A0FF424DBE3A800DA80A9 /* Resources */ = {
			isa = PBXResourcesBuildPhase;
			buildActionMask = 2147483647;
			files = (
				185A100624DBE3A900DA80A9 /* LaunchScreen.storyboard in Resources */,
				18311CB924DD6E5F005E5908 /* settingTableViewCell.xib in Resources */,
				185A100324DBE3A900DA80A9 /* Assets.xcassets in Resources */,
				185A100124DBE3A800DA80A9 /* Main.storyboard in Resources */,
				18413E8924DC3B2400D6187A /* Home.storyboard in Resources */,
			);
			runOnlyForDeploymentPostprocessing = 0;
		};
/* End PBXResourcesBuildPhase section */

/* Begin PBXShellScriptBuildPhase section */
		40A9A416B2570E3EF74E302E /* [CP] Check Pods Manifest.lock */ = {
			isa = PBXShellScriptBuildPhase;
			buildActionMask = 2147483647;
			files = (
			);
			inputFileListPaths = (
			);
			inputPaths = (
				"${PODS_PODFILE_DIR_PATH}/Podfile.lock",
				"${PODS_ROOT}/Manifest.lock",
			);
			name = "[CP] Check Pods Manifest.lock";
			outputFileListPaths = (
			);
			outputPaths = (
				"$(DERIVED_FILE_DIR)/Pods-AB3AD-checkManifestLockResult.txt",
			);
			runOnlyForDeploymentPostprocessing = 0;
			shellPath = /bin/sh;
			shellScript = "diff \"${PODS_PODFILE_DIR_PATH}/Podfile.lock\" \"${PODS_ROOT}/Manifest.lock\" > /dev/null\nif [ $? != 0 ] ; then\n    # print error to STDERR\n    echo \"error: The sandbox is not in sync with the Podfile.lock. Run 'pod install' or update your CocoaPods installation.\" >&2\n    exit 1\nfi\n# This output is used by Xcode 'outputs' to avoid re-running this script phase.\necho \"SUCCESS\" > \"${SCRIPT_OUTPUT_FILE_0}\"\n";
			showEnvVarsInLog = 0;
		};
		E6F67C4ECB2FAA39FFE0136B /* [CP] Embed Pods Frameworks */ = {
			isa = PBXShellScriptBuildPhase;
			buildActionMask = 2147483647;
			files = (
			);
			inputFileListPaths = (
				"${PODS_ROOT}/Target Support Files/Pods-AB3AD/Pods-AB3AD-frameworks-${CONFIGURATION}-input-files.xcfilelist",
			);
			name = "[CP] Embed Pods Frameworks";
			outputFileListPaths = (
				"${PODS_ROOT}/Target Support Files/Pods-AB3AD/Pods-AB3AD-frameworks-${CONFIGURATION}-output-files.xcfilelist",
			);
			runOnlyForDeploymentPostprocessing = 0;
			shellPath = /bin/sh;
			shellScript = "\"${PODS_ROOT}/Target Support Files/Pods-AB3AD/Pods-AB3AD-frameworks.sh\"\n";
			showEnvVarsInLog = 0;
		};
/* End PBXShellScriptBuildPhase section */

/* Begin PBXSourcesBuildPhase section */
		185A0FF224DBE3A800DA80A9 /* Sources */ = {
			isa = PBXSourcesBuildPhase;
			buildActionMask = 2147483647;
			files = (
				18CEEA3124DC21F2009E241F /* RegisterationViewController.swift in Sources */,
				18CEEA2F24DBFB85009E241F /* LoginClient.swift in Sources */,
				185A0FFE24DBE3A800DA80A9 /* LoginViewController.swift in Sources */,
				18311CB324DD62FB005E5908 /* accountSettingViewController.swift in Sources */,
				18110C6724DD5525004A6FEE /* HomeTabViewController.swift in Sources */,
				18311CB824DD6E5F005E5908 /* settingTableViewCell.swift in Sources */,
				185A0FFA24DBE3A800DA80A9 /* AppDelegate.swift in Sources */,
				18413E8624DC27C800D6187A /* CommonUtils.swift in Sources */,
				185A0FFC24DBE3A800DA80A9 /* SceneDelegate.swift in Sources */,
			);
			runOnlyForDeploymentPostprocessing = 0;
		};
/* End PBXSourcesBuildPhase section */

/* Begin PBXVariantGroup section */
		185A0FFF24DBE3A800DA80A9 /* Main.storyboard */ = {
			isa = PBXVariantGroup;
			children = (
				185A100024DBE3A800DA80A9 /* Base */,
			);
			name = Main.storyboard;
			sourceTree = "<group>";
		};
		185A100424DBE3A900DA80A9 /* LaunchScreen.storyboard */ = {
			isa = PBXVariantGroup;
			children = (
				185A100524DBE3A900DA80A9 /* Base */,
			);
			name = LaunchScreen.storyboard;
			sourceTree = "<group>";
		};
/* End PBXVariantGroup section */

/* Begin XCBuildConfiguration section */
		185A100824DBE3A900DA80A9 /* Debug */ = {
			isa = XCBuildConfiguration;
			buildSettings = {
				ALWAYS_SEARCH_USER_PATHS = NO;
				CLANG_ANALYZER_NONNULL = YES;
				CLANG_ANALYZER_NUMBER_OBJECT_CONVERSION = YES_AGGRESSIVE;
				CLANG_CXX_LANGUAGE_STANDARD = "gnu++14";
				CLANG_CXX_LIBRARY = "libc++";
				CLANG_ENABLE_MODULES = YES;
				CLANG_ENABLE_OBJC_ARC = YES;
				CLANG_ENABLE_OBJC_WEAK = YES;
				CLANG_WARN_BLOCK_CAPTURE_AUTORELEASING = YES;
				CLANG_WARN_BOOL_CONVERSION = YES;
				CLANG_WARN_COMMA = YES;
				CLANG_WARN_CONSTANT_CONVERSION = YES;
				CLANG_WARN_DEPRECATED_OBJC_IMPLEMENTATIONS = YES;
				CLANG_WARN_DIRECT_OBJC_ISA_USAGE = YES_ERROR;
				CLANG_WARN_DOCUMENTATION_COMMENTS = YES;
				CLANG_WARN_EMPTY_BODY = YES;
				CLANG_WARN_ENUM_CONVERSION = YES;
				CLANG_WARN_INFINITE_RECURSION = YES;
				CLANG_WARN_INT_CONVERSION = YES;
				CLANG_WARN_NON_LITERAL_NULL_CONVERSION = YES;
				CLANG_WARN_OBJC_IMPLICIT_RETAIN_SELF = YES;
				CLANG_WARN_OBJC_LITERAL_CONVERSION = YES;
				CLANG_WARN_OBJC_ROOT_CLASS = YES_ERROR;
				CLANG_WARN_RANGE_LOOP_ANALYSIS = YES;
				CLANG_WARN_STRICT_PROTOTYPES = YES;
				CLANG_WARN_SUSPICIOUS_MOVE = YES;
				CLANG_WARN_UNGUARDED_AVAILABILITY = YES_AGGRESSIVE;
				CLANG_WARN_UNREACHABLE_CODE = YES;
				CLANG_WARN__DUPLICATE_METHOD_MATCH = YES;
				COPY_PHASE_STRIP = NO;
				DEBUG_INFORMATION_FORMAT = dwarf;
				ENABLE_STRICT_OBJC_MSGSEND = YES;
				ENABLE_TESTABILITY = YES;
				GCC_C_LANGUAGE_STANDARD = gnu11;
				GCC_DYNAMIC_NO_PIC = NO;
				GCC_NO_COMMON_BLOCKS = YES;
				GCC_OPTIMIZATION_LEVEL = 0;
				GCC_PREPROCESSOR_DEFINITIONS = (
					"DEBUG=1",
					"$(inherited)",
				);
				GCC_WARN_64_TO_32_BIT_CONVERSION = YES;
				GCC_WARN_ABOUT_RETURN_TYPE = YES_ERROR;
				GCC_WARN_UNDECLARED_SELECTOR = YES;
				GCC_WARN_UNINITIALIZED_AUTOS = YES_AGGRESSIVE;
				GCC_WARN_UNUSED_FUNCTION = YES;
				GCC_WARN_UNUSED_VARIABLE = YES;
				IPHONEOS_DEPLOYMENT_TARGET = 13.2;
				MTL_ENABLE_DEBUG_INFO = INCLUDE_SOURCE;
				MTL_FAST_MATH = YES;
				ONLY_ACTIVE_ARCH = YES;
				SDKROOT = iphoneos;
				SWIFT_ACTIVE_COMPILATION_CONDITIONS = DEBUG;
				SWIFT_OPTIMIZATION_LEVEL = "-Onone";
			};
			name = Debug;
		};
		185A100924DBE3A900DA80A9 /* Release */ = {
			isa = XCBuildConfiguration;
			buildSettings = {
				ALWAYS_SEARCH_USER_PATHS = NO;
				CLANG_ANALYZER_NONNULL = YES;
				CLANG_ANALYZER_NUMBER_OBJECT_CONVERSION = YES_AGGRESSIVE;
				CLANG_CXX_LANGUAGE_STANDARD = "gnu++14";
				CLANG_CXX_LIBRARY = "libc++";
				CLANG_ENABLE_MODULES = YES;
				CLANG_ENABLE_OBJC_ARC = YES;
				CLANG_ENABLE_OBJC_WEAK = YES;
				CLANG_WARN_BLOCK_CAPTURE_AUTORELEASING = YES;
				CLANG_WARN_BOOL_CONVERSION = YES;
				CLANG_WARN_COMMA = YES;
				CLANG_WARN_CONSTANT_CONVERSION = YES;
				CLANG_WARN_DEPRECATED_OBJC_IMPLEMENTATIONS = YES;
				CLANG_WARN_DIRECT_OBJC_ISA_USAGE = YES_ERROR;
				CLANG_WARN_DOCUMENTATION_COMMENTS = YES;
				CLANG_WARN_EMPTY_BODY = YES;
				CLANG_WARN_ENUM_CONVERSION = YES;
				CLANG_WARN_INFINITE_RECURSION = YES;
				CLANG_WARN_INT_CONVERSION = YES;
				CLANG_WARN_NON_LITERAL_NULL_CONVERSION = YES;
				CLANG_WARN_OBJC_IMPLICIT_RETAIN_SELF = YES;
				CLANG_WARN_OBJC_LITERAL_CONVERSION = YES;
				CLANG_WARN_OBJC_ROOT_CLASS = YES_ERROR;
				CLANG_WARN_RANGE_LOOP_ANALYSIS = YES;
				CLANG_WARN_STRICT_PROTOTYPES = YES;
				CLANG_WARN_SUSPICIOUS_MOVE = YES;
				CLANG_WARN_UNGUARDED_AVAILABILITY = YES_AGGRESSIVE;
				CLANG_WARN_UNREACHABLE_CODE = YES;
				CLANG_WARN__DUPLICATE_METHOD_MATCH = YES;
				COPY_PHASE_STRIP = NO;
				DEBUG_INFORMATION_FORMAT = "dwarf-with-dsym";
				ENABLE_NS_ASSERTIONS = NO;
				ENABLE_STRICT_OBJC_MSGSEND = YES;
				GCC_C_LANGUAGE_STANDARD = gnu11;
				GCC_NO_COMMON_BLOCKS = YES;
				GCC_WARN_64_TO_32_BIT_CONVERSION = YES;
				GCC_WARN_ABOUT_RETURN_TYPE = YES_ERROR;
				GCC_WARN_UNDECLARED_SELECTOR = YES;
				GCC_WARN_UNINITIALIZED_AUTOS = YES_AGGRESSIVE;
				GCC_WARN_UNUSED_FUNCTION = YES;
				GCC_WARN_UNUSED_VARIABLE = YES;
				IPHONEOS_DEPLOYMENT_TARGET = 13.2;
				MTL_ENABLE_DEBUG_INFO = NO;
				MTL_FAST_MATH = YES;
				SDKROOT = iphoneos;
				SWIFT_COMPILATION_MODE = wholemodule;
				SWIFT_OPTIMIZATION_LEVEL = "-O";
				VALIDATE_PRODUCT = YES;
			};
			name = Release;
		};
		185A100B24DBE3A900DA80A9 /* Debug */ = {
			isa = XCBuildConfiguration;
			baseConfigurationReference = 438449908D9DF58BEDEF9B7E /* Pods-AB3AD.debug.xcconfig */;
			buildSettings = {
				ASSETCATALOG_COMPILER_APPICON_NAME = AppIcon;
				CODE_SIGN_STYLE = Automatic;
				DEVELOPMENT_TEAM = 5TBQ56PUQB;
				INFOPLIST_FILE = AB3AD/Info.plist;
				LD_RUNPATH_SEARCH_PATHS = (
					"$(inherited)",
					"@executable_path/Frameworks",
				);
				PRODUCT_BUNDLE_IDENTIFIER = com.DS.AB3AD;
				PRODUCT_NAME = "$(TARGET_NAME)";
				SWIFT_VERSION = 5.0;
				TARGETED_DEVICE_FAMILY = "1,2";
			};
			name = Debug;
		};
		185A100C24DBE3A900DA80A9 /* Release */ = {
			isa = XCBuildConfiguration;
			baseConfigurationReference = 448956894BB5B40042A096DC /* Pods-AB3AD.release.xcconfig */;
			buildSettings = {
				ASSETCATALOG_COMPILER_APPICON_NAME = AppIcon;
				CODE_SIGN_STYLE = Automatic;
				DEVELOPMENT_TEAM = 5TBQ56PUQB;
				INFOPLIST_FILE = AB3AD/Info.plist;
				LD_RUNPATH_SEARCH_PATHS = (
					"$(inherited)",
					"@executable_path/Frameworks",
				);
				PRODUCT_BUNDLE_IDENTIFIER = com.DS.AB3AD;
				PRODUCT_NAME = "$(TARGET_NAME)";
				SWIFT_VERSION = 5.0;
				TARGETED_DEVICE_FAMILY = "1,2";
			};
			name = Release;
		};
/* End XCBuildConfiguration section */

/* Begin XCConfigurationList section */
		185A0FF124DBE3A800DA80A9 /* Build configuration list for PBXProject "AB3AD" */ = {
			isa = XCConfigurationList;
			buildConfigurations = (
				185A100824DBE3A900DA80A9 /* Debug */,
				185A100924DBE3A900DA80A9 /* Release */,
			);
			defaultConfigurationIsVisible = 0;
			defaultConfigurationName = Release;
		};
		185A100A24DBE3A900DA80A9 /* Build configuration list for PBXNativeTarget "AB3AD" */ = {
			isa = XCConfigurationList;
			buildConfigurations = (
				185A100B24DBE3A900DA80A9 /* Debug */,
				185A100C24DBE3A900DA80A9 /* Release */,
			);
			defaultConfigurationIsVisible = 0;
			defaultConfigurationName = Release;
		};
/* End XCConfigurationList section */
	};
	rootObject = 185A0FEE24DBE3A800DA80A9 /* Project object */;
}
